
Microsoft Visual Studio Solution File, Format Version 12.00
# Visual Studio 2012
Project("{FAE04EC0-301F-11D3-BF4B-00C04F79EFBC}") = "Assignment4", "Assignment4.csproj", "{D149841C-6272-4D11-84C2-2530386C0837}"
EndProject
Global
	GlobalSection(SolutionConfigurationPlatforms) = preSolution
		Debug|x86 = Debug|x86
		Release|x86 = Release|x86
	EndGlobalSection
	GlobalSection(ProjectConfigurationPlatforms) = postSolution
		{D149841C-6272-4D11-84C2-2530386C0837}.Debug|x86.ActiveCfg = Debug|x86
		{D149841C-6272-4D11-84C2-2530386C0837}.Debug|x86.Build.0 = Debug|x86
		{D149841C-6272-4D11-84C2-2530386C0837}.Release|x86.ActiveCfg = Release|x86
		{D149841C-6272-4D11-84C2-2530386C0837}.Release|x86.Build.0 = Release|x86
	EndGlobalSection
EndGlobal
