
Microsoft Visual Studio Solution File, Format Version 9.00
# Visual Studio 2005
Project("{FAE04EC0-301F-11D3-BF4B-00C04F79EFBC}") = "RepInfoCrawl_2", "RepInfoCrawl_2.csproj", "{80E96EF7-1A9B-4DA9-9699-93926AB1D6FB}"
EndProject
Global
	GlobalSection(SolutionConfigurationPlatforms) = preSolution
		Debug|Any CPU = Debug|Any CPU
		Release|Any CPU = Release|Any CPU
	EndGlobalSection
	GlobalSection(ProjectConfigurationPlatforms) = postSolution
		{80E96EF7-1A9B-4DA9-9699-93926AB1D6FB}.Debug|Any CPU.ActiveCfg = Debug|Any CPU
		{80E96EF7-1A9B-4DA9-9699-93926AB1D6FB}.Debug|Any CPU.Build.0 = Debug|Any CPU
		{80E96EF7-1A9B-4DA9-9699-93926AB1D6FB}.Release|Any CPU.ActiveCfg = Release|Any CPU
		{80E96EF7-1A9B-4DA9-9699-93926AB1D6FB}.Release|Any CPU.Build.0 = Release|Any CPU
	EndGlobalSection
	GlobalSection(SolutionProperties) = preSolution
		HideSolutionNode = FALSE
	EndGlobalSection
EndGlobal
