
Microsoft Visual Studio Solution File, Format Version 12.00
# Visual Studio 2012
Project("{FAE04EC0-301F-11D3-BF4B-00C04F79EFBC}") = "TextParser", "TextParser.csproj", "{39AE6501-BC93-4BEB-A034-BE2AE02D89A2}"
EndProject
Global
	GlobalSection(SolutionConfigurationPlatforms) = preSolution
		Debug|x86 = Debug|x86
		Release|x86 = Release|x86
	EndGlobalSection
	GlobalSection(ProjectConfigurationPlatforms) = postSolution
		{39AE6501-BC93-4BEB-A034-BE2AE02D89A2}.Debug|x86.ActiveCfg = Debug|x86
		{39AE6501-BC93-4BEB-A034-BE2AE02D89A2}.Debug|x86.Build.0 = Debug|x86
		{39AE6501-BC93-4BEB-A034-BE2AE02D89A2}.Release|x86.ActiveCfg = Release|x86
		{39AE6501-BC93-4BEB-A034-BE2AE02D89A2}.Release|x86.Build.0 = Release|x86
	EndGlobalSection
EndGlobal
